{
  "nodes": {
    "agenix": {
      "inputs": {
        "darwin": [
          "secrets"
        ],
        "home-manager": "home-manager_2",
        "nixpkgs": [
          "secrets",
          "nixpkgs"
        ],
        "systems": "systems_2"
      },
      "locked": {
        "lastModified": 1718371084,
        "narHash": "sha256-abpBi61mg0g+lFFU0zY4C6oP6fBwPzbHPKBGw676xsA=",
        "owner": "ryantm",
        "repo": "agenix",
        "rev": "3a56735779db467538fb2e577eda28a9daacaca6",
        "type": "github"
      },
      "original": {
        "owner": "ryantm",
        "repo": "agenix",
        "type": "github"
      }
    },
    "cdarknet-hosts": {
      "flake": false,
      "locked": {
        "lastModified": 1716880442,
        "narHash": "sha256-O3TW+hKytaHBgc1OOR3o3AEVUUtfJ4vM/+Rl0DAUnRk=",
        "ref": "refs/heads/master",
        "rev": "ded12fcfd4323a2846ba27dc366378043362c319",
        "revCount": 255,
        "type": "git",
        "url": "ssh://git@git.darmstadt.ccc.de/cdark.net/hosts.git"
      },
      "original": {
        "type": "git",
        "url": "ssh://git@git.darmstadt.ccc.de/cdark.net/hosts.git"
      }
    },
    "disko": {
      "inputs": {
        "nixpkgs": [
          "nixos-stable"
        ]
      },
      "locked": {
        "lastModified": 1726842196,
        "narHash": "sha256-u9h03JQUuQJ607xmti9F9Eh6E96kKUAGP+aXWgwm70o=",
        "owner": "nix-community",
        "repo": "disko",
        "rev": "51994df8ba24d5db5459ccf17b6494643301ad28",
        "type": "github"
      },
      "original": {
        "owner": "nix-community",
        "repo": "disko",
        "type": "github"
      }
    },
    "flake-parts": {
      "inputs": {
        "nixpkgs-lib": [
          "nixos-unstable"
        ]
      },
      "locked": {
        "lastModified": 1726153070,
        "narHash": "sha256-HO4zgY0ekfwO5bX0QH/3kJ/h4KvUDFZg8YpkNwIbg1U=",
        "owner": "hercules-ci",
        "repo": "flake-parts",
        "rev": "bcef6817a8b2aa20a5a6dbb19b43e63c5bf8619a",
        "type": "github"
      },
      "original": {
        "id": "flake-parts",
        "type": "indirect"
      }
    },
    "flake-utils": {
      "inputs": {
        "systems": "systems"
      },
      "locked": {
        "lastModified": 1710146030,
        "narHash": "sha256-SZ5L6eA7HJ/nmkzGG7/ISclqe6oZdOZTNoesiInkXPQ=",
        "owner": "numtide",
        "repo": "flake-utils",
        "rev": "b1d9ab70662946ef0850d488da1c9019f3a9752a",
        "type": "github"
      },
      "original": {
        "id": "flake-utils",
        "type": "indirect"
      }
    },
    "hexa-nur-packages": {
      "inputs": {
        "nixpkgs": [
          "nixos-unstable"
        ]
      },
      "locked": {
        "lastModified": 1698926559,
        "narHash": "sha256-BOKjD9DuSB5mRNG4JetI0yJCy9qPSS0qqbLtrjU96as=",
        "owner": "mweinelt",
        "repo": "nur-packages",
        "rev": "ce964f21470ed455db9ce051d3e11838a292bbfc",
        "type": "github"
      },
      "original": {
        "owner": "mweinelt",
        "repo": "nur-packages",
        "type": "github"
      }
    },
    "home-manager": {
      "inputs": {
        "nixpkgs": []
      },
      "locked": {
        "lastModified": 1726818100,
        "narHash": "sha256-z2V74f5vXqkN5Q+goFlhbFXY/dNaBAyeLpr2bxu4Eic=",
        "owner": "nix-community",
        "repo": "home-manager",
        "rev": "1bbc1a5a1f4de7401c92db85b2119ed21bb4139d",
        "type": "github"
      },
      "original": {
        "id": "home-manager",
        "ref": "release-24.05",
        "type": "indirect"
      }
    },
    "home-manager_2": {
      "inputs": {
        "nixpkgs": [
          "secrets",
          "agenix",
          "nixpkgs"
        ]
      },
      "locked": {
        "lastModified": 1703113217,
        "narHash": "sha256-7ulcXOk63TIT2lVDSExj7XzFx09LpdSAPtvgtM7yQPE=",
        "owner": "nix-community",
        "repo": "home-manager",
        "rev": "3bfaacf46133c037bb356193bd2f1765d9dc82c1",
        "type": "github"
      },
      "original": {
        "owner": "nix-community",
        "repo": "home-manager",
        "type": "github"
      }
    },
    "impermanence": {
      "locked": {
        "lastModified": 1725690722,
        "narHash": "sha256-4qWg9sNh5g1qPGO6d/GV2ktY+eDikkBTbWSg5/iD2nY=",
        "owner": "nix-community",
        "repo": "impermanence",
        "rev": "63f4d0443e32b0dd7189001ee1894066765d18a5",
        "type": "github"
      },
      "original": {
        "owner": "nix-community",
        "repo": "impermanence",
        "type": "github"
      }
    },
    "nix-index-database": {
      "inputs": {
        "nixpkgs": [
          "nixos-stable"
        ]
      },
      "locked": {
        "lastModified": 1726449931,
        "narHash": "sha256-1AX7MyYzP7sNgZiGF8jwehCCI75y2kBGwACeryJs+yE=",
        "owner": "Mic92",
        "repo": "nix-index-database",
        "rev": "c1b0fa0bec5478185eae2fd3f39b9e906fc83995",
        "type": "github"
      },
      "original": {
        "owner": "Mic92",
        "repo": "nix-index-database",
        "type": "github"
      }
    },
    "nix-output-monitor": {
      "inputs": {
        "flake-utils": "flake-utils",
        "nixpkgs": "nixpkgs",
        "pre-commit-hooks": []
      },
      "locked": {
        "lastModified": 1722197205,
        "narHash": "sha256-XwB9mHsdlySTFNZ4ZJIdqKEj68xqWzl97zV3TUzG2Is=",
        "ref": "refs/heads/main",
        "rev": "8a92e964eaf1cd3d15d4f3b30feb5ff4a2357b12",
        "revCount": 486,
        "type": "git",
        "url": "https://code.maralorn.de/maralorn/nix-output-monitor.git"
      },
      "original": {
        "type": "git",
        "url": "https://code.maralorn.de/maralorn/nix-output-monitor.git"
      }
    },
    "nixdark": {
      "flake": false,
      "locked": {
        "lastModified": 1622585364,
        "narHash": "sha256-XcPtucllbbB9p9HGkvKbaP5ep1pJ1FCFlb8cXmyIkMg=",
        "ref": "refs/heads/master",
        "rev": "4003f84e73e65ec3ee96803eae3b7015c4a13b4f",
        "revCount": 14,
        "type": "git",
        "url": "ssh://git@git.darmstadt.ccc.de/cdark.net/nixdark.git"
      },
      "original": {
        "type": "git",
        "url": "ssh://git@git.darmstadt.ccc.de/cdark.net/nixdark.git"
      }
    },
    "nixos-hardware": {
      "locked": {
        "lastModified": 1726724509,
        "narHash": "sha256-sVeAM1tgVi52S1e29fFBTPUAFSzgQwgLon3CrztXGm8=",
        "owner": "NixOS",
        "repo": "nixos-hardware",
        "rev": "10d5e0ecc32984c1bf1a9a46586be3451c42fd94",
        "type": "github"
      },
      "original": {
        "id": "nixos-hardware",
        "type": "indirect"
      }
    },
    "nixos-infra": {
      "flake": false,
      "locked": {
        "lastModified": 1726555013,
        "narHash": "sha256-rUwfaZ05l7/4XoREaQhroX2dRL+BUXHCjWZi+JMrwpA=",
        "owner": "nixos",
        "repo": "infra",
        "rev": "51f10849692e56914cd5f344e6fd38812801f14c",
        "type": "github"
      },
      "original": {
        "owner": "nixos",
        "repo": "infra",
        "type": "github"
      }
    },
    "nixos-mailserver": {
      "inputs": {
        "blobs": [],
        "flake-compat": [],
        "nixpkgs": [],
        "nixpkgs-24_05": "nixpkgs-24_05",
        "utils": []
      },
      "locked": {
        "lastModified": 1718084203,
        "narHash": "sha256-Cx1xoVfSMv1XDLgKg08CUd1EoTYWB45VmB9XIQzhmzI=",
        "ref": "nixos-24.05",
        "rev": "29916981e7b3b5782dc5085ad18490113f8ff63b",
        "revCount": 589,
        "type": "git",
        "url": "https://gitlab.com/simple-nixos-mailserver/nixos-mailserver.git"
      },
      "original": {
        "ref": "nixos-24.05",
        "type": "git",
        "url": "https://gitlab.com/simple-nixos-mailserver/nixos-mailserver.git"
      }
    },
    "nixos-oldstable": {
      "locked": {
        "lastModified": 1720535198,
        "narHash": "sha256-zwVvxrdIzralnSbcpghA92tWu2DV2lwv89xZc8MTrbg=",
        "owner": "NixOS",
        "repo": "nixpkgs",
        "rev": "205fd4226592cc83fd4c0885a3e4c9c400efabb5",
        "type": "github"
      },
      "original": {
        "id": "nixpkgs",
        "ref": "nixos-23.11",
        "type": "indirect"
      }
    },
    "nixos-stable": {
      "locked": {
        "lastModified": 1726688310,
        "narHash": "sha256-Xc9lEtentPCEtxc/F1e6jIZsd4MPDYv4Kugl9WtXlz0=",
        "owner": "NixOS",
        "repo": "nixpkgs",
        "rev": "dbebdd67a6006bb145d98c8debf9140ac7e651d0",
        "type": "github"
      },
      "original": {
        "id": "nixpkgs",
        "ref": "nixos-24.05",
        "type": "indirect"
      }
    },
    "nixos-unstable": {
      "locked": {
        "lastModified": 1726755586,
        "narHash": "sha256-PmUr/2GQGvFTIJ6/Tvsins7Q43KTMvMFhvG6oaYK+Wk=",
        "owner": "NixOS",
        "repo": "nixpkgs",
        "rev": "c04d5652cfa9742b1d519688f65d1bbccea9eb7e",
        "type": "github"
      },
      "original": {
        "id": "nixpkgs",
        "ref": "nixos-unstable",
        "type": "indirect"
      }
    },
    "nixpkgs": {
      "locked": {
        "lastModified": 1722062969,
        "narHash": "sha256-QOS0ykELUmPbrrUGmegAUlpmUFznDQeR4q7rFhl8eQg=",
        "owner": "NixOS",
        "repo": "nixpkgs",
        "rev": "b73c2221a46c13557b1b3be9c2070cc42cf01eb3",
        "type": "github"
      },
      "original": {
        "id": "nixpkgs",
        "ref": "nixos-unstable",
        "type": "indirect"
      }
    },
    "nixpkgs-24_05": {
      "locked": {
        "lastModified": 1717144377,
        "narHash": "sha256-F/TKWETwB5RaR8owkPPi+SPJh83AQsm6KrQAlJ8v/uA=",
        "owner": "NixOS",
        "repo": "nixpkgs",
        "rev": "805a384895c696f802a9bf5bf4720f37385df547",
        "type": "github"
      },
      "original": {
        "id": "nixpkgs",
        "ref": "nixos-24.05",
        "type": "indirect"
      }
    },
    "pre-commit-hooks": {
      "inputs": {
        "flake-compat": [],
        "gitignore": [],
        "nixpkgs": [],
        "nixpkgs-stable": []
      },
      "locked": {
        "lastModified": 1726745158,
        "narHash": "sha256-D5AegvGoEjt4rkKedmxlSEmC+nNLMBPWFxvmYnVLhjk=",
        "owner": "cachix",
        "repo": "pre-commit-hooks.nix",
        "rev": "4e743a6920eab45e8ba0fbe49dc459f1423a4b74",
        "type": "github"
      },
      "original": {
        "owner": "cachix",
        "repo": "pre-commit-hooks.nix",
        "type": "github"
      }
    },
    "root": {
      "inputs": {
        "disko": "disko",
        "flake-parts": "flake-parts",
        "hexa-nur-packages": "hexa-nur-packages",
        "home-manager": "home-manager",
        "impermanence": "impermanence",
        "nix-index-database": "nix-index-database",
        "nix-output-monitor": "nix-output-monitor",
        "nixos-hardware": "nixos-hardware",
        "nixos-infra": "nixos-infra",
        "nixos-mailserver": "nixos-mailserver",
        "nixos-oldstable": "nixos-oldstable",
        "nixos-stable": "nixos-stable",
        "nixos-unstable": "nixos-unstable",
        "pre-commit-hooks": "pre-commit-hooks",
        "secrets": "secrets"
      }
    },
    "secrets": {
      "inputs": {
        "agenix": "agenix",
        "cdarknet-hosts": "cdarknet-hosts",
        "nixdark": "nixdark",
        "nixpkgs": []
      },
      "locked": {
        "lastModified": 1726932145,
        "narHash": "sha256-yKhq5jx9vCySbBBrQVTuSvhzegCv1g+woucMuyawmL0=",
        "ref": "refs/heads/main",
        "rev": "490a067d43c39835ca729e21b7fb49120eacfe8c",
        "revCount": 314,
        "type": "git",
        "url": "ssh://forgejo@code.maralorn.de/maralorn/config-secrets"
      },
      "original": {
        "type": "git",
        "url": "ssh://forgejo@code.maralorn.de/maralorn/config-secrets"
      }
    },
    "systems": {
      "locked": {
        "lastModified": 1681028828,
        "narHash": "sha256-Vy1rq5AaRuLzOxct8nz4T6wlgyUR7zLU309k9mBC768=",
        "owner": "nix-systems",
        "repo": "default",
        "rev": "da67096a3b9bf56a91d16901293e51ba5b49a27e",
        "type": "github"
      },
      "original": {
        "owner": "nix-systems",
        "repo": "default",
        "type": "github"
      }
    },
    "systems_2": {
      "locked": {
        "lastModified": 1681028828,
        "narHash": "sha256-Vy1rq5AaRuLzOxct8nz4T6wlgyUR7zLU309k9mBC768=",
        "owner": "nix-systems",
        "repo": "default",
        "rev": "da67096a3b9bf56a91d16901293e51ba5b49a27e",
        "type": "github"
      },
      "original": {
        "owner": "nix-systems",
        "repo": "default",
        "type": "github"
      }
    }
  },
  "root": "root",
  "version": 7
}
