{
  "nodes": {
    "agenix": {
      "inputs": {
        "darwin": [
          "secrets"
        ],
        "home-manager": "home-manager_2",
        "nixpkgs": [
          "secrets",
          "nixpkgs"
        ]
      },
      "locked": {
        "lastModified": 1690228878,
        "narHash": "sha256-9Xe7JV0krp4RJC9W9W9WutZVlw6BlHTFMiUP/k48LQY=",
        "owner": "ryantm",
        "repo": "agenix",
        "rev": "d8c973fd228949736dedf61b7f8cc1ece3236792",
        "type": "github"
      },
      "original": {
        "owner": "ryantm",
        "repo": "agenix",
        "type": "github"
      }
    },
    "cdarknet-hosts": {
      "flake": false,
      "locked": {
        "lastModified": 1679696228,
        "narHash": "sha256-u1DGcI06Foxdfw7iHj7nZVzIGZ4OS0LYAc4UlwdaNkg=",
        "ref": "refs/heads/master",
        "rev": "33625a4b34c90034ebe37b1234c37276cf71ef70",
        "revCount": 243,
        "type": "git",
        "url": "ssh://git@git.darmstadt.ccc.de/cdark.net/hosts.git"
      },
      "original": {
        "type": "git",
        "url": "ssh://git@git.darmstadt.ccc.de/cdark.net/hosts.git"
      }
    },
    "disko": {
      "inputs": {
        "nixpkgs": [
          "nixos-stable"
        ]
      },
      "locked": {
        "lastModified": 1701905325,
        "narHash": "sha256-lda63LmEIlDMeCgWfjr3/wb487XPllBByfrGRieyEk4=",
        "owner": "nix-community",
        "repo": "disko",
        "rev": "1144887c6f4d2dcbb2316a24364ef53e25b0fcfe",
        "type": "github"
      },
      "original": {
        "owner": "nix-community",
        "repo": "disko",
        "type": "github"
      }
    },
    "flake-parts": {
      "inputs": {
        "nixpkgs-lib": [
          "nixos-unstable"
        ]
      },
      "locked": {
        "lastModified": 1701473968,
        "narHash": "sha256-YcVE5emp1qQ8ieHUnxt1wCZCC3ZfAS+SRRWZ2TMda7E=",
        "owner": "hercules-ci",
        "repo": "flake-parts",
        "rev": "34fed993f1674c8d06d58b37ce1e0fe5eebcb9f5",
        "type": "github"
      },
      "original": {
        "id": "flake-parts",
        "type": "indirect"
      }
    },
    "flake-utils": {
      "inputs": {
        "systems": "systems"
      },
      "locked": {
        "lastModified": 1685518550,
        "narHash": "sha256-o2d0KcvaXzTrPRIo0kOLV0/QXHhDQ5DTi+OxcjO8xqY=",
        "owner": "numtide",
        "repo": "flake-utils",
        "rev": "a1720a10a6cfe8234c0e93907ffe81be440f4cef",
        "type": "github"
      },
      "original": {
        "owner": "numtide",
        "repo": "flake-utils",
        "type": "github"
      }
    },
    "hexa-nur-packages": {
      "inputs": {
        "nixpkgs": [
          "nixos-unstable"
        ]
      },
      "locked": {
        "lastModified": 1698926559,
        "narHash": "sha256-BOKjD9DuSB5mRNG4JetI0yJCy9qPSS0qqbLtrjU96as=",
        "owner": "mweinelt",
        "repo": "nur-packages",
        "rev": "ce964f21470ed455db9ce051d3e11838a292bbfc",
        "type": "github"
      },
      "original": {
        "owner": "mweinelt",
        "repo": "nur-packages",
        "type": "github"
      }
    },
    "home-manager": {
      "inputs": {
        "nixpkgs": []
      },
      "locked": {
        "lastModified": 1702195668,
        "narHash": "sha256-Lxmjez0nfNBptdqV5GsXKm7Bb7swjGsrxiLxWJu0tL8=",
        "owner": "nix-community",
        "repo": "home-manager",
        "rev": "33110fb3c7fe6a94b98b641866a5eddb64b7c23f",
        "type": "github"
      },
      "original": {
        "id": "home-manager",
        "ref": "release-23.05",
        "type": "indirect"
      }
    },
    "home-manager_2": {
      "inputs": {
        "nixpkgs": [
          "secrets",
          "agenix",
          "nixpkgs"
        ]
      },
      "locked": {
        "lastModified": 1682203081,
        "narHash": "sha256-kRL4ejWDhi0zph/FpebFYhzqlOBrk0Pl3dzGEKSAlEw=",
        "owner": "nix-community",
        "repo": "home-manager",
        "rev": "32d3e39c491e2f91152c84f8ad8b003420eab0a1",
        "type": "github"
      },
      "original": {
        "owner": "nix-community",
        "repo": "home-manager",
        "type": "github"
      }
    },
    "impermanence": {
      "locked": {
        "lastModified": 1697303681,
        "narHash": "sha256-caJ0rXeagaih+xTgRduYtYKL1rZ9ylh06CIrt1w5B4g=",
        "owner": "nix-community",
        "repo": "impermanence",
        "rev": "0f317c2e9e56550ce12323eb39302d251618f5b5",
        "type": "github"
      },
      "original": {
        "owner": "nix-community",
        "repo": "impermanence",
        "type": "github"
      }
    },
    "nix-index-database": {
      "inputs": {
        "nixpkgs": [
          "nixos-stable"
        ]
      },
      "locked": {
        "lastModified": 1702177733,
        "narHash": "sha256-lr3hkmmuqDFPj3i41cHpaALF3Txo3kxsJ3L6jZLujJ8=",
        "owner": "Mic92",
        "repo": "nix-index-database",
        "rev": "58ecd98e27e27fcbb27a51a588555c828b1ec56e",
        "type": "github"
      },
      "original": {
        "owner": "Mic92",
        "repo": "nix-index-database",
        "type": "github"
      }
    },
    "nix-output-monitor": {
      "inputs": {
        "flake-utils": [
          "pre-commit-hooks",
          "flake-utils"
        ],
        "nixpkgs": [
          "nixos-unstable"
        ],
        "pre-commit-hooks": []
      },
      "locked": {
        "lastModified": 1701076696,
        "narHash": "sha256-NBEvJMeYNFf9Z6b/iKQP3Bv8E5gURZNA7ed/5k9vL8w=",
        "ref": "refs/heads/main",
        "rev": "7c72280d7246ece55372d1324e64e8651f32876d",
        "revCount": 472,
        "type": "git",
        "url": "https://code.maralorn.de/maralorn/nix-output-monitor.git"
      },
      "original": {
        "type": "git",
        "url": "https://code.maralorn.de/maralorn/nix-output-monitor.git"
      }
    },
    "nixdark": {
      "flake": false,
      "locked": {
        "lastModified": 1622585364,
        "narHash": "sha256-XcPtucllbbB9p9HGkvKbaP5ep1pJ1FCFlb8cXmyIkMg=",
        "ref": "refs/heads/master",
        "rev": "4003f84e73e65ec3ee96803eae3b7015c4a13b4f",
        "revCount": 14,
        "type": "git",
        "url": "ssh://git@git.darmstadt.ccc.de/cdark.net/nixdark.git"
      },
      "original": {
        "type": "git",
        "url": "ssh://git@git.darmstadt.ccc.de/cdark.net/nixdark.git"
      }
    },
    "nixfmt": {
      "inputs": {
        "flake-compat": [],
        "flake-utils": [
          "pre-commit-hooks",
          "flake-utils"
        ],
        "nixpkgs": [],
        "nixpkgs-stable": []
      },
      "locked": {
        "lastModified": 1702224563,
        "narHash": "sha256-d7CPA50Jh73SozsbLiqprnNpRQlQxkygYPTUjdG7k1k=",
        "owner": "piegamesde",
        "repo": "nixfmt",
        "rev": "9424bd08ea945a9f79fe90f5a858409e212cceea",
        "type": "github"
      },
      "original": {
        "owner": "piegamesde",
        "ref": "rfc101-style",
        "repo": "nixfmt",
        "type": "github"
      }
    },
    "nixos-hardware": {
      "locked": {
        "lastModified": 1701656485,
        "narHash": "sha256-xDFormrGCKKGqngHa2Bz1GTeKlFMMjLnHhTDRdMJ1hs=",
        "owner": "NixOS",
        "repo": "nixos-hardware",
        "rev": "fa194fc484fd7270ab324bb985593f71102e84d1",
        "type": "github"
      },
      "original": {
        "id": "nixos-hardware",
        "type": "indirect"
      }
    },
    "nixos-mailserver": {
      "inputs": {
        "blobs": [],
        "flake-compat": [],
        "nixpkgs": [],
        "nixpkgs-22_11": [],
        "nixpkgs-23_05": [],
        "utils": []
      },
      "locked": {
        "lastModified": 1700085753,
        "narHash": "sha256-qtib7f3eRwfaUF+VziJXiBcZFqpHCAXS4HlrFsnzzl4=",
        "ref": "refs/heads/master",
        "rev": "008d78cc21959e33d0d31f375b88353a7d7121ae",
        "revCount": 573,
        "type": "git",
        "url": "https://gitlab.com/simple-nixos-mailserver/nixos-mailserver.git"
      },
      "original": {
        "type": "git",
        "url": "https://gitlab.com/simple-nixos-mailserver/nixos-mailserver.git"
      }
    },
    "nixos-stable": {
      "locked": {
        "lastModified": 1701805708,
        "narHash": "sha256-hh0S14E816Img0tPaNQSEKFvSscSIrvu1ypubtfh6M4=",
        "owner": "NixOS",
        "repo": "nixpkgs",
        "rev": "0561103cedb11e7554cf34cea81e5f5d578a4753",
        "type": "github"
      },
      "original": {
        "id": "nixpkgs",
        "ref": "nixos-23.05",
        "type": "indirect"
      }
    },
    "nixos-unstable": {
      "locked": {
        "lastModified": 1702151865,
        "narHash": "sha256-9VAt19t6yQa7pHZLDbil/QctAgVsA66DLnzdRGqDisg=",
        "owner": "NixOS",
        "repo": "nixpkgs",
        "rev": "666fc80e7b2afb570462423cb0e1cf1a3a34fedd",
        "type": "github"
      },
      "original": {
        "id": "nixpkgs",
        "ref": "nixos-unstable",
        "type": "indirect"
      }
    },
    "pre-commit-hooks": {
      "inputs": {
        "flake-compat": [],
        "flake-utils": "flake-utils",
        "gitignore": [],
        "nixpkgs": [],
        "nixpkgs-stable": []
      },
      "locked": {
        "lastModified": 1700922917,
        "narHash": "sha256-ej2fch/T584b5K9sk1UhmZF7W6wEfDHuoUYpFN8dtvM=",
        "owner": "cachix",
        "repo": "pre-commit-hooks.nix",
        "rev": "e5ee5c5f3844550c01d2131096c7271cec5e9b78",
        "type": "github"
      },
      "original": {
        "owner": "cachix",
        "repo": "pre-commit-hooks.nix",
        "type": "github"
      }
    },
    "root": {
      "inputs": {
        "disko": "disko",
        "flake-parts": "flake-parts",
        "hexa-nur-packages": "hexa-nur-packages",
        "home-manager": "home-manager",
        "impermanence": "impermanence",
        "nix-index-database": "nix-index-database",
        "nix-output-monitor": "nix-output-monitor",
        "nixfmt": "nixfmt",
        "nixos-hardware": "nixos-hardware",
        "nixos-mailserver": "nixos-mailserver",
        "nixos-stable": "nixos-stable",
        "nixos-unstable": "nixos-unstable",
        "pre-commit-hooks": "pre-commit-hooks",
        "secrets": "secrets"
      }
    },
    "secrets": {
      "inputs": {
        "agenix": "agenix",
        "cdarknet-hosts": "cdarknet-hosts",
        "nixdark": "nixdark",
        "nixpkgs": []
      },
      "locked": {
        "lastModified": 1700751736,
        "narHash": "sha256-08dwoCNFu20HZ26WMaslxqnrv/xMVrzWyYvnGM+rVvg=",
        "ref": "refs/heads/main",
        "rev": "b798eefa3a7961d725009730a59a9f777358da8d",
        "revCount": 287,
        "type": "git",
        "url": "ssh://gitea@code.maralorn.de/maralorn/config-secrets"
      },
      "original": {
        "type": "git",
        "url": "ssh://gitea@code.maralorn.de/maralorn/config-secrets"
      }
    },
    "systems": {
      "locked": {
        "lastModified": 1681028828,
        "narHash": "sha256-Vy1rq5AaRuLzOxct8nz4T6wlgyUR7zLU309k9mBC768=",
        "owner": "nix-systems",
        "repo": "default",
        "rev": "da67096a3b9bf56a91d16901293e51ba5b49a27e",
        "type": "github"
      },
      "original": {
        "owner": "nix-systems",
        "repo": "default",
        "type": "github"
      }
    }
  },
  "root": "root",
  "version": 7
}
