{
  "nodes": {
    "agenix": {
      "inputs": {
        "darwin": [
          "secrets"
        ],
        "home-manager": "home-manager_2",
        "nixpkgs": [
          "secrets",
          "nixpkgs"
        ],
        "systems": "systems_2"
      },
      "locked": {
        "lastModified": 1736955230,
        "narHash": "sha256-uenf8fv2eG5bKM8C/UvFaiJMZ4IpUFaQxk9OH5t/1gA=",
        "owner": "ryantm",
        "repo": "agenix",
        "rev": "e600439ec4c273cf11e06fe4d9d906fb98fa097c",
        "type": "github"
      },
      "original": {
        "owner": "ryantm",
        "repo": "agenix",
        "type": "github"
      }
    },
    "cdarknet-hosts": {
      "flake": false,
      "locked": {
        "lastModified": 1739532553,
        "narHash": "sha256-jYJeCrV/ccaljmgKknNY1AZwBD2NjV3xBPCq4G2yheo=",
        "ref": "refs/heads/master",
        "rev": "5ad15daf6f5d5aac98fc276066e337308c36c525",
        "revCount": 260,
        "type": "git",
        "url": "ssh://git@git.darmstadt.ccc.de/cdark.net/hosts.git"
      },
      "original": {
        "type": "git",
        "url": "ssh://git@git.darmstadt.ccc.de/cdark.net/hosts.git"
      }
    },
    "disko": {
      "inputs": {
        "nixpkgs": [
          "nixos-stable"
        ]
      },
      "locked": {
        "lastModified": 1740485968,
        "narHash": "sha256-WK+PZHbfDjLyveXAxpnrfagiFgZWaTJglewBWniTn2Y=",
        "owner": "nix-community",
        "repo": "disko",
        "rev": "19c1140419c4f1cdf88ad4c1cfb6605597628940",
        "type": "github"
      },
      "original": {
        "owner": "nix-community",
        "repo": "disko",
        "type": "github"
      }
    },
    "flake-parts": {
      "inputs": {
        "nixpkgs-lib": [
          "nixos-unstable"
        ]
      },
      "locked": {
        "lastModified": 1738453229,
        "narHash": "sha256-7H9XgNiGLKN1G1CgRh0vUL4AheZSYzPm+zmZ7vxbJdo=",
        "owner": "hercules-ci",
        "repo": "flake-parts",
        "rev": "32ea77a06711b758da0ad9bd6a844c5740a87abd",
        "type": "github"
      },
      "original": {
        "id": "flake-parts",
        "type": "indirect"
      }
    },
    "flake-utils": {
      "inputs": {
        "systems": "systems"
      },
      "locked": {
        "lastModified": 1710146030,
        "narHash": "sha256-SZ5L6eA7HJ/nmkzGG7/ISclqe6oZdOZTNoesiInkXPQ=",
        "owner": "numtide",
        "repo": "flake-utils",
        "rev": "b1d9ab70662946ef0850d488da1c9019f3a9752a",
        "type": "github"
      },
      "original": {
        "id": "flake-utils",
        "type": "indirect"
      }
    },
    "hexa-nur-packages": {
      "inputs": {
        "nixpkgs": [
          "nixos-unstable"
        ]
      },
      "locked": {
        "lastModified": 1698926559,
        "narHash": "sha256-BOKjD9DuSB5mRNG4JetI0yJCy9qPSS0qqbLtrjU96as=",
        "owner": "mweinelt",
        "repo": "nur-packages",
        "rev": "ce964f21470ed455db9ce051d3e11838a292bbfc",
        "type": "github"
      },
      "original": {
        "owner": "mweinelt",
        "repo": "nur-packages",
        "type": "github"
      }
    },
    "home-manager": {
      "inputs": {
        "nixpkgs": []
      },
      "locked": {
        "lastModified": 1739757849,
        "narHash": "sha256-Gs076ot1YuAAsYVcyidLKUMIc4ooOaRGO0PqTY7sBzA=",
        "owner": "nix-community",
        "repo": "home-manager",
        "rev": "9d3d080aec2a35e05a15cedd281c2384767c2cfe",
        "type": "github"
      },
      "original": {
        "id": "home-manager",
        "ref": "release-24.11",
        "type": "indirect"
      }
    },
    "home-manager_2": {
      "inputs": {
        "nixpkgs": [
          "secrets",
          "agenix",
          "nixpkgs"
        ]
      },
      "locked": {
        "lastModified": 1703113217,
        "narHash": "sha256-7ulcXOk63TIT2lVDSExj7XzFx09LpdSAPtvgtM7yQPE=",
        "owner": "nix-community",
        "repo": "home-manager",
        "rev": "3bfaacf46133c037bb356193bd2f1765d9dc82c1",
        "type": "github"
      },
      "original": {
        "owner": "nix-community",
        "repo": "home-manager",
        "type": "github"
      }
    },
    "impermanence": {
      "locked": {
        "lastModified": 1737831083,
        "narHash": "sha256-LJggUHbpyeDvNagTUrdhe/pRVp4pnS6wVKALS782gRI=",
        "owner": "nix-community",
        "repo": "impermanence",
        "rev": "4b3e914cdf97a5b536a889e939fb2fd2b043a170",
        "type": "github"
      },
      "original": {
        "owner": "nix-community",
        "repo": "impermanence",
        "type": "github"
      }
    },
    "nix-index-database": {
      "inputs": {
        "nixpkgs": [
          "nixos-stable"
        ]
      },
      "locked": {
        "lastModified": 1740281615,
        "narHash": "sha256-dZWcbAQ1sF8oVv+zjSKkPVY0ebwENQEkz5vc6muXbKY=",
        "owner": "Mic92",
        "repo": "nix-index-database",
        "rev": "465792533d03e6bb9dc849d58ab9d5e31fac9023",
        "type": "github"
      },
      "original": {
        "owner": "Mic92",
        "repo": "nix-index-database",
        "type": "github"
      }
    },
    "nix-output-monitor": {
      "inputs": {
        "flake-utils": "flake-utils",
        "nixpkgs": "nixpkgs",
        "pre-commit-hooks": []
      },
      "locked": {
        "lastModified": 1732833318,
        "narHash": "sha256-fIncQSuI2AqKuVaxFR3+BIDqzpYPKxKSMKomPUWAIc0=",
        "ref": "refs/heads/main",
        "rev": "3b1ca76b0ff191728073573fa21706da0f003084",
        "revCount": 505,
        "type": "git",
        "url": "https://code.maralorn.de/maralorn/nix-output-monitor.git"
      },
      "original": {
        "type": "git",
        "url": "https://code.maralorn.de/maralorn/nix-output-monitor.git"
      }
    },
    "nixdark": {
      "flake": false,
      "locked": {
        "lastModified": 1732213359,
        "narHash": "sha256-IlEHZ28jfpHhJuCki21gsynTlBV8iMmol0XOsImbRY8=",
        "ref": "refs/heads/master",
        "rev": "e471b43c517a186cae44bc36df36f5467384e659",
        "revCount": 15,
        "type": "git",
        "url": "ssh://git@git.darmstadt.ccc.de/cdark.net/nixdark.git"
      },
      "original": {
        "type": "git",
        "url": "ssh://git@git.darmstadt.ccc.de/cdark.net/nixdark.git"
      }
    },
    "nixos-hardware": {
      "locked": {
        "lastModified": 1740646007,
        "narHash": "sha256-dMReDQobS3kqoiUCQIYI9c0imPXRZnBubX20yX/G5LE=",
        "owner": "NixOS",
        "repo": "nixos-hardware",
        "rev": "009b764ac98a3602d41fc68072eeec5d24fc0e49",
        "type": "github"
      },
      "original": {
        "id": "nixos-hardware",
        "type": "indirect"
      }
    },
    "nixos-infra": {
      "flake": false,
      "locked": {
        "lastModified": 1740368889,
        "narHash": "sha256-X5QXBAXKom8xm4GY5UrgdROrYGdQYwjCAHPfI6gDwok=",
        "owner": "nixos",
        "repo": "infra",
        "rev": "4c8902efa410a71308b85754519e1d7296908d2f",
        "type": "github"
      },
      "original": {
        "owner": "nixos",
        "repo": "infra",
        "type": "github"
      }
    },
    "nixos-mailserver": {
      "inputs": {
        "blobs": [],
        "flake-compat": [],
        "nixpkgs": [],
        "nixpkgs-24_05": "nixpkgs-24_05",
        "utils": []
      },
      "locked": {
        "lastModified": 1734885828,
        "narHash": "sha256-G0fB1YBlkalu8lLGRB07K8CpUWNVd+unfrjNomSL7SM=",
        "ref": "nixos-24.05",
        "rev": "636b82f4175e3f6b1e80d2189bb0469e2ae01a55",
        "revCount": 590,
        "type": "git",
        "url": "https://gitlab.com/simple-nixos-mailserver/nixos-mailserver.git"
      },
      "original": {
        "ref": "nixos-24.05",
        "type": "git",
        "url": "https://gitlab.com/simple-nixos-mailserver/nixos-mailserver.git"
      }
    },
    "nixos-stable": {
      "locked": {
        "lastModified": 1740603184,
        "narHash": "sha256-t+VaahjQAWyA+Ctn2idyo1yxRIYpaDxMgHkgCNiMJa4=",
        "owner": "NixOS",
        "repo": "nixpkgs",
        "rev": "f44bd8ca21e026135061a0a57dcf3d0775b67a49",
        "type": "github"
      },
      "original": {
        "id": "nixpkgs",
        "ref": "nixos-24.11",
        "type": "indirect"
      }
    },
    "nixos-unstable": {
      "locked": {
        "lastModified": 1740560979,
        "narHash": "sha256-Vr3Qi346M+8CjedtbyUevIGDZW8LcA1fTG0ugPY/Hic=",
        "owner": "NixOS",
        "repo": "nixpkgs",
        "rev": "5135c59491985879812717f4c9fea69604e7f26f",
        "type": "github"
      },
      "original": {
        "id": "nixpkgs",
        "ref": "nixos-unstable",
        "type": "indirect"
      }
    },
    "nixpkgs": {
      "locked": {
        "lastModified": 1722062969,
        "narHash": "sha256-QOS0ykELUmPbrrUGmegAUlpmUFznDQeR4q7rFhl8eQg=",
        "owner": "NixOS",
        "repo": "nixpkgs",
        "rev": "b73c2221a46c13557b1b3be9c2070cc42cf01eb3",
        "type": "github"
      },
      "original": {
        "id": "nixpkgs",
        "ref": "nixos-unstable",
        "type": "indirect"
      }
    },
    "nixpkgs-24_05": {
      "locked": {
        "lastModified": 1717144377,
        "narHash": "sha256-F/TKWETwB5RaR8owkPPi+SPJh83AQsm6KrQAlJ8v/uA=",
        "owner": "NixOS",
        "repo": "nixpkgs",
        "rev": "805a384895c696f802a9bf5bf4720f37385df547",
        "type": "github"
      },
      "original": {
        "id": "nixpkgs",
        "ref": "nixos-24.05",
        "type": "indirect"
      }
    },
    "pre-commit-hooks": {
      "inputs": {
        "flake-compat": [],
        "gitignore": [],
        "nixpkgs": []
      },
      "locked": {
        "lastModified": 1737465171,
        "narHash": "sha256-R10v2hoJRLq8jcL4syVFag7nIGE7m13qO48wRIukWNg=",
        "owner": "cachix",
        "repo": "pre-commit-hooks.nix",
        "rev": "9364dc02281ce2d37a1f55b6e51f7c0f65a75f17",
        "type": "github"
      },
      "original": {
        "owner": "cachix",
        "repo": "pre-commit-hooks.nix",
        "type": "github"
      }
    },
    "root": {
      "inputs": {
        "disko": "disko",
        "flake-parts": "flake-parts",
        "hexa-nur-packages": "hexa-nur-packages",
        "home-manager": "home-manager",
        "impermanence": "impermanence",
        "nix-index-database": "nix-index-database",
        "nix-output-monitor": "nix-output-monitor",
        "nixos-hardware": "nixos-hardware",
        "nixos-infra": "nixos-infra",
        "nixos-mailserver": "nixos-mailserver",
        "nixos-stable": "nixos-stable",
        "nixos-unstable": "nixos-unstable",
        "pre-commit-hooks": "pre-commit-hooks",
        "secrets": "secrets"
      }
    },
    "secrets": {
      "inputs": {
        "agenix": "agenix",
        "cdarknet-hosts": "cdarknet-hosts",
        "nixdark": "nixdark",
        "nixpkgs": []
      },
      "locked": {
        "lastModified": 1739532664,
        "narHash": "sha256-eQQkiiepgaPzwAzwPHZX4JvufPUyYhr69/AYgBqbEww=",
        "ref": "refs/heads/main",
        "rev": "6c460181c73b8987406b14490daaf1ff66dcd4e6",
        "revCount": 337,
        "type": "git",
        "url": "ssh://forgejo@code.maralorn.de/maralorn/config-secrets"
      },
      "original": {
        "type": "git",
        "url": "ssh://forgejo@code.maralorn.de/maralorn/config-secrets"
      }
    },
    "systems": {
      "locked": {
        "lastModified": 1681028828,
        "narHash": "sha256-Vy1rq5AaRuLzOxct8nz4T6wlgyUR7zLU309k9mBC768=",
        "owner": "nix-systems",
        "repo": "default",
        "rev": "da67096a3b9bf56a91d16901293e51ba5b49a27e",
        "type": "github"
      },
      "original": {
        "owner": "nix-systems",
        "repo": "default",
        "type": "github"
      }
    },
    "systems_2": {
      "locked": {
        "lastModified": 1681028828,
        "narHash": "sha256-Vy1rq5AaRuLzOxct8nz4T6wlgyUR7zLU309k9mBC768=",
        "owner": "nix-systems",
        "repo": "default",
        "rev": "da67096a3b9bf56a91d16901293e51ba5b49a27e",
        "type": "github"
      },
      "original": {
        "owner": "nix-systems",
        "repo": "default",
        "type": "github"
      }
    }
  },
  "root": "root",
  "version": 7
}
